
Microsoft Visual Studio Solution File, Format Version 12.00
# Visual Studio 15
Project("{FAE04EC0-301F-11D3-BF4B-00C04F79EFBC}") = "Strategy", "Strategy\Strategy.csproj", "{AC8363FA-22CF-4EB3-9598-A4C107EEEFBE}"
EndProject
Global
	GlobalSection(SolutionConfigurationPlatforms) = preSolution
		Debug|Any CPU = Debug|Any CPU
		Release|Any CPU = Release|Any CPU
	EndGlobalSection
	GlobalSection(ProjectConfigurationPlatforms) = postSolution
		{AC8363FA-22CF-4EB3-9598-A4C107EEEFBE}.Debug|Any CPU.ActiveCfg = Debug|Any CPU
		{AC8363FA-22CF-4EB3-9598-A4C107EEEFBE}.Debug|Any CPU.Build.0 = Debug|Any CPU
		{AC8363FA-22CF-4EB3-9598-A4C107EEEFBE}.Release|Any CPU.ActiveCfg = Release|Any CPU
		{AC8363FA-22CF-4EB3-9598-A4C107EEEFBE}.Release|Any CPU.Build.0 = Release|Any CPU
	EndGlobalSection
EndGlobal
